{
  "name": "Empire_X",
  "version": "1.0.0",
  "lockfileVersion": 1,
  "dependencies": {
    "@adiwajshing/keyed-db": {
      "version": "^0.2.4"
    },
    "@whiskeysockets/baileys": {
      "version": "6.6.0"
    },
    "api-dylux": {
      "version": "1.8.5"
    },
    "axios": {
      "version": "^1.2.5"
    },
    "dotenv": {
      "version": "^16.4.5"
    },
    "express": {
      "version": "latest"
    },
    "file_size_url": {
      "version": "^1.0.4"
    },
    "fs-extra": {
      "version": "^11.1.0"
    },
    "megajs": {
      "version": "^1.1.0"
    },
    "node-fetch": {
      "version": "^2.6.1"
    },
    "path": {
      "version": "^0.12.7"
    },
    "pino": {
      "version": "^7.0.5"
    },
    "pm2": {
      "version": "^5.2.0"
    },
    "qrcode-terminal": {
      "version": "^0.12.0"
    },
    "util": {
      "version": "^0.12.4"
    },
    "vm": {
      "version": "^0.1.0"
    },
    "yt-search": {
      "version": "2.12.1"
    },
    "google-tts-api": {
      "version": "2.0.2"
    }
  }
}
